{
  "name": "repopass-fixture-healthy-node-cli-spdx",
  "version": "1.0.0",
  "lockfileVersion": 3,
  "requires": true,
  "packages": {
    "": {
      "name": "repopass-fixture-healthy-node-cli-spdx",
      "version": "1.0.0",
      "dependencies": {
        "repopass-fixture-dependency": "1.2.3"
      }
    },
    "node_modules/repopass-fixture-dependency": {
      "version": "1.2.3",
      "resolved": "https://registry.npmjs.org/repopass-fixture-dependency/-/repopass-fixture-dependency-1.2.3.tgz",
      "integrity": "sha512-KioqKioqKioqKioqKioqKioqKioqKioqKioqKioqKioqKioqKioqKioqKioqKioqKioqKioqKioqKioqKioqKg=="
    }
  }
}
